{
  "name": "time",
  "version": "1.0.0",
  "lockfileVersion": 1,
  "requires": true,
  "dependencies": {
    "moment": {
      "version": "2.22.2",
      "resolved": "http://registry.npm.taobao.org/moment/download/moment-2.22.2.tgz",
      "integrity": "sha1-PCV/mDn8DpP/UxSWMiOeuQeD/2Y="
    },
    "moment-timezone": {
      "version": "0.5.17",
      "resolved": "http://registry.npm.taobao.org/moment-timezone/download/moment-timezone-0.5.17.tgz",
      "integrity": "sha1-PI/vMgUdhMOvF02R3FKXfcsK1+U=",
      "requires": {
        "moment": "2.22.2"
      }
    }
  }
}
